// !$*UTF8*$!
{
	archiveVersion = 1;
	classes = {
	};
	objectVersion = 55;
	objects = {

/* Begin PBXBuildFile section */
		7E22DF0C28781BC300C7A91C /* Extensions.swift in Sources */ = {isa = PBXBuildFile; fileRef = 7E22DF0B28781BC300C7A91C /* Extensions.swift */; };
		7E8F6A34287703AE0025F3D8 /* AppDelegate.swift in Sources */ = {isa = PBXBuildFile; fileRef = 7E8F6A33287703AE0025F3D8 /* AppDelegate.swift */; };
		7E8F6A36287703AE0025F3D8 /* SceneDelegate.swift in Sources */ = {isa = PBXBuildFile; fileRef = 7E8F6A35287703AE0025F3D8 /* SceneDelegate.swift */; };
		7E8F6A38287703AF0025F3D8 /* ConversationsViewController.swift in Sources */ = {isa = PBXBuildFile; fileRef = 7E8F6A37287703AF0025F3D8 /* ConversationsViewController.swift */; };
		7E8F6A3B287703AF0025F3D8 /* Main.storyboard in Resources */ = {isa = PBXBuildFile; fileRef = 7E8F6A39287703AF0025F3D8 /* Main.storyboard */; };
		7E8F6A3D287703B60025F3D8 /* Assets.xcassets in Resources */ = {isa = PBXBuildFile; fileRef = 7E8F6A3C287703B60025F3D8 /* Assets.xcassets */; };
		7E8F6A40287703B60025F3D8 /* LaunchScreen.storyboard in Resources */ = {isa = PBXBuildFile; fileRef = 7E8F6A3E287703B60025F3D8 /* LaunchScreen.storyboard */; };
		7E8F6A4E287708C00025F3D8 /* LoginViewController.swift in Sources */ = {isa = PBXBuildFile; fileRef = 7E8F6A4D287708C00025F3D8 /* LoginViewController.swift */; };
		7E8F6A50287708D70025F3D8 /* RegisterViewController.swift in Sources */ = {isa = PBXBuildFile; fileRef = 7E8F6A4F287708D70025F3D8 /* RegisterViewController.swift */; };
		7E8F6A52287708F70025F3D8 /* PhotoViewerViewController.swift in Sources */ = {isa = PBXBuildFile; fileRef = 7E8F6A51287708F70025F3D8 /* PhotoViewerViewController.swift */; };
		7E8F6A54287709080025F3D8 /* ViedoPlayerViewController.swift in Sources */ = {isa = PBXBuildFile; fileRef = 7E8F6A53287709080025F3D8 /* ViedoPlayerViewController.swift */; };
		7E8F6A5628770A6B0025F3D8 /* NewConversationViewController.swift in Sources */ = {isa = PBXBuildFile; fileRef = 7E8F6A5528770A6B0025F3D8 /* NewConversationViewController.swift */; };
		7E8F6A5828770A870025F3D8 /* ProfileViewController.swift in Sources */ = {isa = PBXBuildFile; fileRef = 7E8F6A5728770A870025F3D8 /* ProfileViewController.swift */; };
		7EA2D13B287C24E2002D4A37 /* GoogleService-Info.plist in Resources */ = {isa = PBXBuildFile; fileRef = 7EA2D13A287C24E2002D4A37 /* GoogleService-Info.plist */; };
		7EA2D13D287C41C2002D4A37 /* DatabaseManager.swift in Sources */ = {isa = PBXBuildFile; fileRef = 7EA2D13C287C41C2002D4A37 /* DatabaseManager.swift */; };
		7EAD70502880129A004F995F /* ChatViewController.swift in Sources */ = {isa = PBXBuildFile; fileRef = 7EAD704F2880129A004F995F /* ChatViewController.swift */; };
		7EAD705228804AFC004F995F /* StorageManager.swift in Sources */ = {isa = PBXBuildFile; fileRef = 7EAD705128804AFC004F995F /* StorageManager.swift */; };
		C9A5A2FEDAF6838D649A0DC4 /* Pods_Messenger.framework in Frameworks */ = {isa = PBXBuildFile; fileRef = 76EDAA57F77234FC2B45DE7E /* Pods_Messenger.framework */; };
/* End PBXBuildFile section */

/* Begin PBXFileReference section */
		4ED952170DC15EBC54C1E589 /* Pods-Messenger.debug.xcconfig */ = {isa = PBXFileReference; includeInIndex = 1; lastKnownFileType = text.xcconfig; name = "Pods-Messenger.debug.xcconfig"; path = "Target Support Files/Pods-Messenger/Pods-Messenger.debug.xcconfig"; sourceTree = "<group>"; };
		76EDAA57F77234FC2B45DE7E /* Pods_Messenger.framework */ = {isa = PBXFileReference; explicitFileType = wrapper.framework; includeInIndex = 0; path = Pods_Messenger.framework; sourceTree = BUILT_PRODUCTS_DIR; };
		7E22DF0B28781BC300C7A91C /* Extensions.swift */ = {isa = PBXFileReference; lastKnownFileType = sourcecode.swift; path = Extensions.swift; sourceTree = "<group>"; };
		7E8F6A30287703AE0025F3D8 /* Messenger.app */ = {isa = PBXFileReference; explicitFileType = wrapper.application; includeInIndex = 0; path = Messenger.app; sourceTree = BUILT_PRODUCTS_DIR; };
		7E8F6A33287703AE0025F3D8 /* AppDelegate.swift */ = {isa = PBXFileReference; lastKnownFileType = sourcecode.swift; path = AppDelegate.swift; sourceTree = "<group>"; };
		7E8F6A35287703AE0025F3D8 /* SceneDelegate.swift */ = {isa = PBXFileReference; lastKnownFileType = sourcecode.swift; path = SceneDelegate.swift; sourceTree = "<group>"; };
		7E8F6A37287703AF0025F3D8 /* ConversationsViewController.swift */ = {isa = PBXFileReference; lastKnownFileType = sourcecode.swift; path = ConversationsViewController.swift; sourceTree = "<group>"; };
		7E8F6A3A287703AF0025F3D8 /* Base */ = {isa = PBXFileReference; lastKnownFileType = file.storyboard; name = Base; path = Base.lproj/Main.storyboard; sourceTree = "<group>"; };
		7E8F6A3C287703B60025F3D8 /* Assets.xcassets */ = {isa = PBXFileReference; lastKnownFileType = folder.assetcatalog; path = Assets.xcassets; sourceTree = "<group>"; };
		7E8F6A3F287703B60025F3D8 /* Base */ = {isa = PBXFileReference; lastKnownFileType = file.storyboard; name = Base; path = Base.lproj/LaunchScreen.storyboard; sourceTree = "<group>"; };
		7E8F6A41287703B60025F3D8 /* Info.plist */ = {isa = PBXFileReference; lastKnownFileType = text.plist.xml; path = Info.plist; sourceTree = "<group>"; };
		7E8F6A4D287708C00025F3D8 /* LoginViewController.swift */ = {isa = PBXFileReference; lastKnownFileType = sourcecode.swift; path = LoginViewController.swift; sourceTree = "<group>"; };
		7E8F6A4F287708D70025F3D8 /* RegisterViewController.swift */ = {isa = PBXFileReference; lastKnownFileType = sourcecode.swift; path = RegisterViewController.swift; sourceTree = "<group>"; };
		7E8F6A51287708F70025F3D8 /* PhotoViewerViewController.swift */ = {isa = PBXFileReference; lastKnownFileType = sourcecode.swift; path = PhotoViewerViewController.swift; sourceTree = "<group>"; };
		7E8F6A53287709080025F3D8 /* ViedoPlayerViewController.swift */ = {isa = PBXFileReference; lastKnownFileType = sourcecode.swift; path = ViedoPlayerViewController.swift; sourceTree = "<group>"; };
		7E8F6A5528770A6B0025F3D8 /* NewConversationViewController.swift */ = {isa = PBXFileReference; lastKnownFileType = sourcecode.swift; path = NewConversationViewController.swift; sourceTree = "<group>"; };
		7E8F6A5728770A870025F3D8 /* ProfileViewController.swift */ = {isa = PBXFileReference; lastKnownFileType = sourcecode.swift; path = ProfileViewController.swift; sourceTree = "<group>"; };
		7EA2D13A287C24E2002D4A37 /* GoogleService-Info.plist */ = {isa = PBXFileReference; fileEncoding = 4; lastKnownFileType = text.plist.xml; path = "GoogleService-Info.plist"; sourceTree = "<group>"; };
		7EA2D13C287C41C2002D4A37 /* DatabaseManager.swift */ = {isa = PBXFileReference; lastKnownFileType = sourcecode.swift; path = DatabaseManager.swift; sourceTree = "<group>"; };
		7EAD704F2880129A004F995F /* ChatViewController.swift */ = {isa = PBXFileReference; lastKnownFileType = sourcecode.swift; path = ChatViewController.swift; sourceTree = "<group>"; };
		7EAD705128804AFC004F995F /* StorageManager.swift */ = {isa = PBXFileReference; lastKnownFileType = sourcecode.swift; path = StorageManager.swift; sourceTree = "<group>"; };
		DDAF68B7ABAEF5DB918D4F03 /* Pods-Messenger.release.xcconfig */ = {isa = PBXFileReference; includeInIndex = 1; lastKnownFileType = text.xcconfig; name = "Pods-Messenger.release.xcconfig"; path = "Target Support Files/Pods-Messenger/Pods-Messenger.release.xcconfig"; sourceTree = "<group>"; };
/* End PBXFileReference section */

/* Begin PBXFrameworksBuildPhase section */
		7E8F6A2D287703AE0025F3D8 /* Frameworks */ = {
			isa = PBXFrameworksBuildPhase;
			buildActionMask = 2147483647;
			files = (
				C9A5A2FEDAF6838D649A0DC4 /* Pods_Messenger.framework in Frameworks */,
			);
			runOnlyForDeploymentPostprocessing = 0;
		};
/* End PBXFrameworksBuildPhase section */

/* Begin PBXGroup section */
		7E22DF0A2877118700C7A91C /* Login */ = {
			isa = PBXGroup;
			children = (
				7E8F6A4D287708C00025F3D8 /* LoginViewController.swift */,
				7E8F6A4F287708D70025F3D8 /* RegisterViewController.swift */,
			);
			path = Login;
			sourceTree = "<group>";
		};
		7E8F6A27287703AE0025F3D8 = {
			isa = PBXGroup;
			children = (
				7E8F6A32287703AE0025F3D8 /* Messenger */,
				7E8F6A31287703AE0025F3D8 /* Products */,
				E46E90B949665B701223A31E /* Pods */,
				E5D20584A6636618780BF89F /* Frameworks */,
			);
			sourceTree = "<group>";
		};
		7E8F6A31287703AE0025F3D8 /* Products */ = {
			isa = PBXGroup;
			children = (
				7E8F6A30287703AE0025F3D8 /* Messenger.app */,
			);
			name = Products;
			sourceTree = "<group>";
		};
		7E8F6A32287703AE0025F3D8 /* Messenger */ = {
			isa = PBXGroup;
			children = (
				7EA2D13A287C24E2002D4A37 /* GoogleService-Info.plist */,
				7E8F6A4B287706FA0025F3D8 /* Resources */,
				7E8F6A4A287706F10025F3D8 /* ViewModels */,
				7E8F6A49287706E00025F3D8 /* Models */,
				7E8F6A48287706DB0025F3D8 /* Views */,
				7E8F6A47287706D40025F3D8 /* Controllers */,
				7E8F6A41287703B60025F3D8 /* Info.plist */,
			);
			path = Messenger;
			sourceTree = "<group>";
		};
		7E8F6A47287706D40025F3D8 /* Controllers */ = {
			isa = PBXGroup;
			children = (
				7E8F6A37287703AF0025F3D8 /* ConversationsViewController.swift */,
				7E22DF0A2877118700C7A91C /* Login */,
				7E8F6A51287708F70025F3D8 /* PhotoViewerViewController.swift */,
				7E8F6A53287709080025F3D8 /* ViedoPlayerViewController.swift */,
				7E8F6A5528770A6B0025F3D8 /* NewConversationViewController.swift */,
				7E8F6A5728770A870025F3D8 /* ProfileViewController.swift */,
				7EAD704F2880129A004F995F /* ChatViewController.swift */,
			);
			path = Controllers;
			sourceTree = "<group>";
		};
		7E8F6A48287706DB0025F3D8 /* Views */ = {
			isa = PBXGroup;
			children = (
				7E8F6A4C287707550025F3D8 /* Storyboards */,
				7E8F6A3C287703B60025F3D8 /* Assets.xcassets */,
			);
			path = Views;
			sourceTree = "<group>";
		};
		7E8F6A49287706E00025F3D8 /* Models */ = {
			isa = PBXGroup;
			children = (
			);
			path = Models;
			sourceTree = "<group>";
		};
		7E8F6A4A287706F10025F3D8 /* ViewModels */ = {
			isa = PBXGroup;
			children = (
			);
			path = ViewModels;
			sourceTree = "<group>";
		};
		7E8F6A4B287706FA0025F3D8 /* Resources */ = {
			isa = PBXGroup;
			children = (
				7E8F6A33287703AE0025F3D8 /* AppDelegate.swift */,
				7E8F6A35287703AE0025F3D8 /* SceneDelegate.swift */,
				7E22DF0B28781BC300C7A91C /* Extensions.swift */,
				7EA2D13C287C41C2002D4A37 /* DatabaseManager.swift */,
				7EAD705128804AFC004F995F /* StorageManager.swift */,
			);
			path = Resources;
			sourceTree = "<group>";
		};
		7E8F6A4C287707550025F3D8 /* Storyboards */ = {
			isa = PBXGroup;
			children = (
				7E8F6A39287703AF0025F3D8 /* Main.storyboard */,
				7E8F6A3E287703B60025F3D8 /* LaunchScreen.storyboard */,
			);
			path = Storyboards;
			sourceTree = "<group>";
		};
		E46E90B949665B701223A31E /* Pods */ = {
			isa = PBXGroup;
			children = (
				4ED952170DC15EBC54C1E589 /* Pods-Messenger.debug.xcconfig */,
				DDAF68B7ABAEF5DB918D4F03 /* Pods-Messenger.release.xcconfig */,
			);
			path = Pods;
			sourceTree = "<group>";
		};
		E5D20584A6636618780BF89F /* Frameworks */ = {
			isa = PBXGroup;
			children = (
				76EDAA57F77234FC2B45DE7E /* Pods_Messenger.framework */,
			);
			name = Frameworks;
			sourceTree = "<group>";
		};
/* End PBXGroup section */

/* Begin PBXNativeTarget section */
		7E8F6A2F287703AE0025F3D8 /* Messenger */ = {
			isa = PBXNativeTarget;
			buildConfigurationList = 7E8F6A44287703B60025F3D8 /* Build configuration list for PBXNativeTarget "Messenger" */;
			buildPhases = (
				6D0A85E5BF7371389C19EBD8 /* [CP] Check Pods Manifest.lock */,
				7E8F6A2C287703AE0025F3D8 /* Sources */,
				7E8F6A2D287703AE0025F3D8 /* Frameworks */,
				7E8F6A2E287703AE0025F3D8 /* Resources */,
				42A472B0BE03998F02EA852C /* [CP] Embed Pods Frameworks */,
			);
			buildRules = (
			);
			dependencies = (
			);
			name = Messenger;
			productName = Messenger;
			productReference = 7E8F6A30287703AE0025F3D8 /* Messenger.app */;
			productType = "com.apple.product-type.application";
		};
/* End PBXNativeTarget section */

/* Begin PBXProject section */
		7E8F6A28287703AE0025F3D8 /* Project object */ = {
			isa = PBXProject;
			attributes = {
				BuildIndependentTargetsInParallel = 1;
				LastSwiftUpdateCheck = 1340;
				LastUpgradeCheck = 1340;
				TargetAttributes = {
					7E8F6A2F287703AE0025F3D8 = {
						CreatedOnToolsVersion = 13.4.1;
					};
				};
			};
			buildConfigurationList = 7E8F6A2B287703AE0025F3D8 /* Build configuration list for PBXProject "Messenger" */;
			compatibilityVersion = "Xcode 13.0";
			developmentRegion = en;
			hasScannedForEncodings = 0;
			knownRegions = (
				en,
				Base,
			);
			mainGroup = 7E8F6A27287703AE0025F3D8;
			productRefGroup = 7E8F6A31287703AE0025F3D8 /* Products */;
			projectDirPath = "";
			projectRoot = "";
			targets = (
				7E8F6A2F287703AE0025F3D8 /* Messenger */,
			);
		};
/* End PBXProject section */

/* Begin PBXResourcesBuildPhase section */
		7E8F6A2E287703AE0025F3D8 /* Resources */ = {
			isa = PBXResourcesBuildPhase;
			buildActionMask = 2147483647;
			files = (
				7E8F6A40287703B60025F3D8 /* LaunchScreen.storyboard in Resources */,
				7EA2D13B287C24E2002D4A37 /* GoogleService-Info.plist in Resources */,
				7E8F6A3D287703B60025F3D8 /* Assets.xcassets in Resources */,
				7E8F6A3B287703AF0025F3D8 /* Main.storyboard in Resources */,
			);
			runOnlyForDeploymentPostprocessing = 0;
		};
/* End PBXResourcesBuildPhase section */

/* Begin PBXShellScriptBuildPhase section */
		42A472B0BE03998F02EA852C /* [CP] Embed Pods Frameworks */ = {
			isa = PBXShellScriptBuildPhase;
			buildActionMask = 2147483647;
			files = (
			);
			inputFileListPaths = (
				"${PODS_ROOT}/Target Support Files/Pods-Messenger/Pods-Messenger-frameworks-${CONFIGURATION}-input-files.xcfilelist",
			);
			name = "[CP] Embed Pods Frameworks";
			outputFileListPaths = (
				"${PODS_ROOT}/Target Support Files/Pods-Messenger/Pods-Messenger-frameworks-${CONFIGURATION}-output-files.xcfilelist",
			);
			runOnlyForDeploymentPostprocessing = 0;
			shellPath = /bin/sh;
			shellScript = "\"${PODS_ROOT}/Target Support Files/Pods-Messenger/Pods-Messenger-frameworks.sh\"\n";
			showEnvVarsInLog = 0;
		};
		6D0A85E5BF7371389C19EBD8 /* [CP] Check Pods Manifest.lock */ = {
			isa = PBXShellScriptBuildPhase;
			buildActionMask = 2147483647;
			files = (
			);
			inputFileListPaths = (
			);
			inputPaths = (
				"${PODS_PODFILE_DIR_PATH}/Podfile.lock",
				"${PODS_ROOT}/Manifest.lock",
			);
			name = "[CP] Check Pods Manifest.lock";
			outputFileListPaths = (
			);
			outputPaths = (
				"$(DERIVED_FILE_DIR)/Pods-Messenger-checkManifestLockResult.txt",
			);
			runOnlyForDeploymentPostprocessing = 0;
			shellPath = /bin/sh;
			shellScript = "diff \"${PODS_PODFILE_DIR_PATH}/Podfile.lock\" \"${PODS_ROOT}/Manifest.lock\" > /dev/null\nif [ $? != 0 ] ; then\n    # print error to STDERR\n    echo \"error: The sandbox is not in sync with the Podfile.lock. Run 'pod install' or update your CocoaPods installation.\" >&2\n    exit 1\nfi\n# This output is used by Xcode 'outputs' to avoid re-running this script phase.\necho \"SUCCESS\" > \"${SCRIPT_OUTPUT_FILE_0}\"\n";
			showEnvVarsInLog = 0;
		};
/* End PBXShellScriptBuildPhase section */

/* Begin PBXSourcesBuildPhase section */
		7E8F6A2C287703AE0025F3D8 /* Sources */ = {
			isa = PBXSourcesBuildPhase;
			buildActionMask = 2147483647;
			files = (
				7E8F6A4E287708C00025F3D8 /* LoginViewController.swift in Sources */,
				7EA2D13D287C41C2002D4A37 /* DatabaseManager.swift in Sources */,
				7E8F6A50287708D70025F3D8 /* RegisterViewController.swift in Sources */,
				7E8F6A5628770A6B0025F3D8 /* NewConversationViewController.swift in Sources */,
				7E8F6A38287703AF0025F3D8 /* ConversationsViewController.swift in Sources */,
				7E8F6A34287703AE0025F3D8 /* AppDelegate.swift in Sources */,
				7E22DF0C28781BC300C7A91C /* Extensions.swift in Sources */,
				7E8F6A36287703AE0025F3D8 /* SceneDelegate.swift in Sources */,
				7E8F6A5828770A870025F3D8 /* ProfileViewController.swift in Sources */,
				7E8F6A54287709080025F3D8 /* ViedoPlayerViewController.swift in Sources */,
				7EAD70502880129A004F995F /* ChatViewController.swift in Sources */,
				7E8F6A52287708F70025F3D8 /* PhotoViewerViewController.swift in Sources */,
				7EAD705228804AFC004F995F /* StorageManager.swift in Sources */,
			);
			runOnlyForDeploymentPostprocessing = 0;
		};
/* End PBXSourcesBuildPhase section */

/* Begin PBXVariantGroup section */
		7E8F6A39287703AF0025F3D8 /* Main.storyboard */ = {
			isa = PBXVariantGroup;
			children = (
				7E8F6A3A287703AF0025F3D8 /* Base */,
			);
			name = Main.storyboard;
			sourceTree = "<group>";
		};
		7E8F6A3E287703B60025F3D8 /* LaunchScreen.storyboard */ = {
			isa = PBXVariantGroup;
			children = (
				7E8F6A3F287703B60025F3D8 /* Base */,
			);
			name = LaunchScreen.storyboard;
			sourceTree = "<group>";
		};
/* End PBXVariantGroup section */

/* Begin XCBuildConfiguration section */
		7E8F6A42287703B60025F3D8 /* Debug */ = {
			isa = XCBuildConfiguration;
			buildSettings = {
				ALWAYS_SEARCH_USER_PATHS = NO;
				CLANG_ANALYZER_NONNULL = YES;
				CLANG_ANALYZER_NUMBER_OBJECT_CONVERSION = YES_AGGRESSIVE;
				CLANG_CXX_LANGUAGE_STANDARD = "gnu++17";
				CLANG_ENABLE_MODULES = YES;
				CLANG_ENABLE_OBJC_ARC = YES;
				CLANG_ENABLE_OBJC_WEAK = YES;
				CLANG_WARN_BLOCK_CAPTURE_AUTORELEASING = YES;
				CLANG_WARN_BOOL_CONVERSION = YES;
				CLANG_WARN_COMMA = YES;
				CLANG_WARN_CONSTANT_CONVERSION = YES;
				CLANG_WARN_DEPRECATED_OBJC_IMPLEMENTATIONS = YES;
				CLANG_WARN_DIRECT_OBJC_ISA_USAGE = YES_ERROR;
				CLANG_WARN_DOCUMENTATION_COMMENTS = YES;
				CLANG_WARN_EMPTY_BODY = YES;
				CLANG_WARN_ENUM_CONVERSION = YES;
				CLANG_WARN_INFINITE_RECURSION = YES;
				CLANG_WARN_INT_CONVERSION = YES;
				CLANG_WARN_NON_LITERAL_NULL_CONVERSION = YES;
				CLANG_WARN_OBJC_IMPLICIT_RETAIN_SELF = YES;
				CLANG_WARN_OBJC_LITERAL_CONVERSION = YES;
				CLANG_WARN_OBJC_ROOT_CLASS = YES_ERROR;
				CLANG_WARN_QUOTED_INCLUDE_IN_FRAMEWORK_HEADER = YES;
				CLANG_WARN_RANGE_LOOP_ANALYSIS = YES;
				CLANG_WARN_STRICT_PROTOTYPES = YES;
				CLANG_WARN_SUSPICIOUS_MOVE = YES;
				CLANG_WARN_UNGUARDED_AVAILABILITY = YES_AGGRESSIVE;
				CLANG_WARN_UNREACHABLE_CODE = YES;
				CLANG_WARN__DUPLICATE_METHOD_MATCH = YES;
				COPY_PHASE_STRIP = NO;
				DEBUG_INFORMATION_FORMAT = dwarf;
				ENABLE_STRICT_OBJC_MSGSEND = YES;
				ENABLE_TESTABILITY = YES;
				GCC_C_LANGUAGE_STANDARD = gnu11;
				GCC_DYNAMIC_NO_PIC = NO;
				GCC_NO_COMMON_BLOCKS = YES;
				GCC_OPTIMIZATION_LEVEL = 0;
				GCC_PREPROCESSOR_DEFINITIONS = (
					"DEBUG=1",
					"$(inherited)",
				);
				GCC_WARN_64_TO_32_BIT_CONVERSION = YES;
				GCC_WARN_ABOUT_RETURN_TYPE = YES_ERROR;
				GCC_WARN_UNDECLARED_SELECTOR = YES;
				GCC_WARN_UNINITIALIZED_AUTOS = YES_AGGRESSIVE;
				GCC_WARN_UNUSED_FUNCTION = YES;
				GCC_WARN_UNUSED_VARIABLE = YES;
				IPHONEOS_DEPLOYMENT_TARGET = 15.5;
				MTL_ENABLE_DEBUG_INFO = INCLUDE_SOURCE;
				MTL_FAST_MATH = YES;
				ONLY_ACTIVE_ARCH = YES;
				SDKROOT = iphoneos;
				SWIFT_ACTIVE_COMPILATION_CONDITIONS = DEBUG;
				SWIFT_OPTIMIZATION_LEVEL = "-Onone";
			};
			name = Debug;
		};
		7E8F6A43287703B60025F3D8 /* Release */ = {
			isa = XCBuildConfiguration;
			buildSettings = {
				ALWAYS_SEARCH_USER_PATHS = NO;
				CLANG_ANALYZER_NONNULL = YES;
				CLANG_ANALYZER_NUMBER_OBJECT_CONVERSION = YES_AGGRESSIVE;
				CLANG_CXX_LANGUAGE_STANDARD = "gnu++17";
				CLANG_ENABLE_MODULES = YES;
				CLANG_ENABLE_OBJC_ARC = YES;
				CLANG_ENABLE_OBJC_WEAK = YES;
				CLANG_WARN_BLOCK_CAPTURE_AUTORELEASING = YES;
				CLANG_WARN_BOOL_CONVERSION = YES;
				CLANG_WARN_COMMA = YES;
				CLANG_WARN_CONSTANT_CONVERSION = YES;
				CLANG_WARN_DEPRECATED_OBJC_IMPLEMENTATIONS = YES;
				CLANG_WARN_DIRECT_OBJC_ISA_USAGE = YES_ERROR;
				CLANG_WARN_DOCUMENTATION_COMMENTS = YES;
				CLANG_WARN_EMPTY_BODY = YES;
				CLANG_WARN_ENUM_CONVERSION = YES;
				CLANG_WARN_INFINITE_RECURSION = YES;
				CLANG_WARN_INT_CONVERSION = YES;
				CLANG_WARN_NON_LITERAL_NULL_CONVERSION = YES;
				CLANG_WARN_OBJC_IMPLICIT_RETAIN_SELF = YES;
				CLANG_WARN_OBJC_LITERAL_CONVERSION = YES;
				CLANG_WARN_OBJC_ROOT_CLASS = YES_ERROR;
				CLANG_WARN_QUOTED_INCLUDE_IN_FRAMEWORK_HEADER = YES;
				CLANG_WARN_RANGE_LOOP_ANALYSIS = YES;
				CLANG_WARN_STRICT_PROTOTYPES = YES;
				CLANG_WARN_SUSPICIOUS_MOVE = YES;
				CLANG_WARN_UNGUARDED_AVAILABILITY = YES_AGGRESSIVE;
				CLANG_WARN_UNREACHABLE_CODE = YES;
				CLANG_WARN__DUPLICATE_METHOD_MATCH = YES;
				COPY_PHASE_STRIP = NO;
				DEBUG_INFORMATION_FORMAT = "dwarf-with-dsym";
				ENABLE_NS_ASSERTIONS = NO;
				ENABLE_STRICT_OBJC_MSGSEND = YES;
				GCC_C_LANGUAGE_STANDARD = gnu11;
				GCC_NO_COMMON_BLOCKS = YES;
				GCC_WARN_64_TO_32_BIT_CONVERSION = YES;
				GCC_WARN_ABOUT_RETURN_TYPE = YES_ERROR;
				GCC_WARN_UNDECLARED_SELECTOR = YES;
				GCC_WARN_UNINITIALIZED_AUTOS = YES_AGGRESSIVE;
				GCC_WARN_UNUSED_FUNCTION = YES;
				GCC_WARN_UNUSED_VARIABLE = YES;
				IPHONEOS_DEPLOYMENT_TARGET = 15.5;
				MTL_ENABLE_DEBUG_INFO = NO;
				MTL_FAST_MATH = YES;
				SDKROOT = iphoneos;
				SWIFT_COMPILATION_MODE = wholemodule;
				SWIFT_OPTIMIZATION_LEVEL = "-O";
				VALIDATE_PRODUCT = YES;
			};
			name = Release;
		};
		7E8F6A45287703B60025F3D8 /* Debug */ = {
			isa = XCBuildConfiguration;
			baseConfigurationReference = 4ED952170DC15EBC54C1E589 /* Pods-Messenger.debug.xcconfig */;
			buildSettings = {
				ASSETCATALOG_COMPILER_APPICON_NAME = AppIcon;
				ASSETCATALOG_COMPILER_GLOBAL_ACCENT_COLOR_NAME = AccentColor;
				CODE_SIGN_STYLE = Automatic;
				CURRENT_PROJECT_VERSION = 1;
				DEVELOPMENT_TEAM = WD66NF7UM5;
				GENERATE_INFOPLIST_FILE = YES;
				INFOPLIST_FILE = Messenger/Info.plist;
				INFOPLIST_KEY_UIApplicationSupportsIndirectInputEvents = YES;
				INFOPLIST_KEY_UILaunchStoryboardName = LaunchScreen;
				INFOPLIST_KEY_UIMainStoryboardFile = Main;
				INFOPLIST_KEY_UISupportedInterfaceOrientations = UIInterfaceOrientationPortrait;
				INFOPLIST_KEY_UISupportedInterfaceOrientations_iPad = "UIInterfaceOrientationPortrait UIInterfaceOrientationPortraitUpsideDown UIInterfaceOrientationLandscapeLeft UIInterfaceOrientationLandscapeRight";
				INFOPLIST_KEY_UISupportedInterfaceOrientations_iPhone = "UIInterfaceOrientationPortrait UIInterfaceOrientationLandscapeLeft UIInterfaceOrientationLandscapeRight";
				LD_RUNPATH_SEARCH_PATHS = (
					"$(inherited)",
					"@executable_path/Frameworks",
				);
				MARKETING_VERSION = 1.0;
				PRODUCT_BUNDLE_IDENTIFIER = com.MenesAgata.Messenger;
				PRODUCT_NAME = "$(TARGET_NAME)";
				SWIFT_EMIT_LOC_STRINGS = YES;
				SWIFT_VERSION = 5.0;
				TARGETED_DEVICE_FAMILY = "1,2";
			};
			name = Debug;
		};
		7E8F6A46287703B60025F3D8 /* Release */ = {
			isa = XCBuildConfiguration;
			baseConfigurationReference = DDAF68B7ABAEF5DB918D4F03 /* Pods-Messenger.release.xcconfig */;
			buildSettings = {
				ASSETCATALOG_COMPILER_APPICON_NAME = AppIcon;
				ASSETCATALOG_COMPILER_GLOBAL_ACCENT_COLOR_NAME = AccentColor;
				CODE_SIGN_STYLE = Automatic;
				CURRENT_PROJECT_VERSION = 1;
				DEVELOPMENT_TEAM = WD66NF7UM5;
				GENERATE_INFOPLIST_FILE = YES;
				INFOPLIST_FILE = Messenger/Info.plist;
				INFOPLIST_KEY_UIApplicationSupportsIndirectInputEvents = YES;
				INFOPLIST_KEY_UILaunchStoryboardName = LaunchScreen;
				INFOPLIST_KEY_UIMainStoryboardFile = Main;
				INFOPLIST_KEY_UISupportedInterfaceOrientations = UIInterfaceOrientationPortrait;
				INFOPLIST_KEY_UISupportedInterfaceOrientations_iPad = "UIInterfaceOrientationPortrait UIInterfaceOrientationPortraitUpsideDown UIInterfaceOrientationLandscapeLeft UIInterfaceOrientationLandscapeRight";
				INFOPLIST_KEY_UISupportedInterfaceOrientations_iPhone = "UIInterfaceOrientationPortrait UIInterfaceOrientationLandscapeLeft UIInterfaceOrientationLandscapeRight";
				LD_RUNPATH_SEARCH_PATHS = (
					"$(inherited)",
					"@executable_path/Frameworks",
				);
				MARKETING_VERSION = 1.0;
				PRODUCT_BUNDLE_IDENTIFIER = com.MenesAgata.Messenger;
				PRODUCT_NAME = "$(TARGET_NAME)";
				SWIFT_EMIT_LOC_STRINGS = YES;
				SWIFT_VERSION = 5.0;
				TARGETED_DEVICE_FAMILY = "1,2";
			};
			name = Release;
		};
/* End XCBuildConfiguration section */

/* Begin XCConfigurationList section */
		7E8F6A2B287703AE0025F3D8 /* Build configuration list for PBXProject "Messenger" */ = {
			isa = XCConfigurationList;
			buildConfigurations = (
				7E8F6A42287703B60025F3D8 /* Debug */,
				7E8F6A43287703B60025F3D8 /* Release */,
			);
			defaultConfigurationIsVisible = 0;
			defaultConfigurationName = Release;
		};
		7E8F6A44287703B60025F3D8 /* Build configuration list for PBXNativeTarget "Messenger" */ = {
			isa = XCConfigurationList;
			buildConfigurations = (
				7E8F6A45287703B60025F3D8 /* Debug */,
				7E8F6A46287703B60025F3D8 /* Release */,
			);
			defaultConfigurationIsVisible = 0;
			defaultConfigurationName = Release;
		};
/* End XCConfigurationList section */
	};
	rootObject = 7E8F6A28287703AE0025F3D8 /* Project object */;
}
